// !$*UTF8*$!
{
	archiveVersion = 1;
	classes = {
	};
	objectVersion = 46;
	objects = {

/* Begin PBXBuildFile section */
		680BEEED1B2EF038000577D3 /* main.cpp in Sources */ = {isa = PBXBuildFile; fileRef = 680BEEEC1B2EF038000577D3 /* main.cpp */; };
		68E679F41B3C3BF300A7A36E /* RecursiveFactorial.cpp in Sources */ = {isa = PBXBuildFile; fileRef = 68E679F31B3C3BF300A7A36E /* RecursiveFactorial.cpp */; };
		68E679FA1B3C3E0100A7A36E /* RecursiveFunc.cpp in Sources */ = {isa = PBXBuildFile; fileRef = 68E679F91B3C3E0100A7A36E /* RecursiveFunc.cpp */; };
		68E679FE1B3C444B00A7A36E /* FibonacciFunc.cpp in Sources */ = {isa = PBXBuildFile; fileRef = 68E679FD1B3C444B00A7A36E /* FibonacciFunc.cpp */; };
		68E67A001B3C483A00A7A36E /* BSearchRecur.cpp in Sources */ = {isa = PBXBuildFile; fileRef = 68E679FF1B3C483A00A7A36E /* BSearchRecur.cpp */; };
		68E67A021B3C4B8A00A7A36E /* BSearch.cpp in Sources */ = {isa = PBXBuildFile; fileRef = 68E67A011B3C4B8A00A7A36E /* BSearch.cpp */; };
		68E67A051B3CE7DA00A7A36E /* LinearSearch.cpp in Sources */ = {isa = PBXBuildFile; fileRef = 68E67A041B3CE7DA00A7A36E /* LinearSearch.cpp */; };
/* End PBXBuildFile section */

/* Begin PBXCopyFilesBuildPhase section */
		680BEEE71B2EF038000577D3 /* CopyFiles */ = {
			isa = PBXCopyFilesBuildPhase;
			buildActionMask = 2147483647;
			dstPath = /usr/share/man/man1/;
			dstSubfolderSpec = 0;
			files = (
			);
			runOnlyForDeploymentPostprocessing = 1;
		};
/* End PBXCopyFilesBuildPhase section */

/* Begin PBXFileReference section */
		680BEEE91B2EF038000577D3 /* DataStructure_prcts */ = {isa = PBXFileReference; explicitFileType = "compiled.mach-o.executable"; includeInIndex = 0; path = DataStructure_prcts; sourceTree = BUILT_PRODUCTS_DIR; };
		680BEEEC1B2EF038000577D3 /* main.cpp */ = {isa = PBXFileReference; lastKnownFileType = sourcecode.cpp.cpp; path = main.cpp; sourceTree = "<group>"; };
		68E679F31B3C3BF300A7A36E /* RecursiveFactorial.cpp */ = {isa = PBXFileReference; fileEncoding = 4; lastKnownFileType = sourcecode.cpp.cpp; path = RecursiveFactorial.cpp; sourceTree = "<group>"; };
		68E679F91B3C3E0100A7A36E /* RecursiveFunc.cpp */ = {isa = PBXFileReference; fileEncoding = 4; lastKnownFileType = sourcecode.cpp.cpp; path = RecursiveFunc.cpp; sourceTree = "<group>"; };
		68E679FD1B3C444B00A7A36E /* FibonacciFunc.cpp */ = {isa = PBXFileReference; fileEncoding = 4; lastKnownFileType = sourcecode.cpp.cpp; path = FibonacciFunc.cpp; sourceTree = "<group>"; };
		68E679FF1B3C483A00A7A36E /* BSearchRecur.cpp */ = {isa = PBXFileReference; fileEncoding = 4; lastKnownFileType = sourcecode.cpp.cpp; path = BSearchRecur.cpp; sourceTree = "<group>"; };
		68E67A011B3C4B8A00A7A36E /* BSearch.cpp */ = {isa = PBXFileReference; fileEncoding = 4; lastKnownFileType = sourcecode.cpp.cpp; path = BSearch.cpp; sourceTree = "<group>"; };
		68E67A041B3CE7DA00A7A36E /* LinearSearch.cpp */ = {isa = PBXFileReference; fileEncoding = 4; lastKnownFileType = sourcecode.cpp.cpp; path = LinearSearch.cpp; sourceTree = "<group>"; };
/* End PBXFileReference section */

/* Begin PBXFrameworksBuildPhase section */
		680BEEE61B2EF038000577D3 /* Frameworks */ = {
			isa = PBXFrameworksBuildPhase;
			buildActionMask = 2147483647;
			files = (
			);
			runOnlyForDeploymentPostprocessing = 0;
		};
/* End PBXFrameworksBuildPhase section */

/* Begin PBXGroup section */
		680BEEE01B2EF038000577D3 = {
			isa = PBXGroup;
			children = (
				680BEEEB1B2EF038000577D3 /* DataStructure_prcts */,
				680BEEEA1B2EF038000577D3 /* Products */,
			);
			sourceTree = "<group>";
		};
		680BEEEA1B2EF038000577D3 /* Products */ = {
			isa = PBXGroup;
			children = (
				680BEEE91B2EF038000577D3 /* DataStructure_prcts */,
			);
			name = Products;
			sourceTree = "<group>";
		};
		680BEEEB1B2EF038000577D3 /* DataStructure_prcts */ = {
			isa = PBXGroup;
			children = (
				68E67A031B3CE7C400A7A36E /* LinearSearch */,
				68E679FC1B3C442400A7A36E /* Recursive */,
				680BEEEC1B2EF038000577D3 /* main.cpp */,
			);
			path = DataStructure_prcts;
			sourceTree = "<group>";
		};
		68E679FC1B3C442400A7A36E /* Recursive */ = {
			isa = PBXGroup;
			children = (
				68E679F91B3C3E0100A7A36E /* RecursiveFunc.cpp */,
				68E679F31B3C3BF300A7A36E /* RecursiveFactorial.cpp */,
				68E679FD1B3C444B00A7A36E /* FibonacciFunc.cpp */,
				68E679FF1B3C483A00A7A36E /* BSearchRecur.cpp */,
				68E67A011B3C4B8A00A7A36E /* BSearch.cpp */,
			);
			name = Recursive;
			sourceTree = "<group>";
		};
		68E67A031B3CE7C400A7A36E /* LinearSearch */ = {
			isa = PBXGroup;
			children = (
				68E67A041B3CE7DA00A7A36E /* LinearSearch.cpp */,
			);
			name = LinearSearch;
			sourceTree = "<group>";
		};
/* End PBXGroup section */

/* Begin PBXNativeTarget section */
		680BEEE81B2EF038000577D3 /* DataStructure_prcts */ = {
			isa = PBXNativeTarget;
			buildConfigurationList = 680BEEF01B2EF038000577D3 /* Build configuration list for PBXNativeTarget "DataStructure_prcts" */;
			buildPhases = (
				680BEEE51B2EF038000577D3 /* Sources */,
				680BEEE61B2EF038000577D3 /* Frameworks */,
				680BEEE71B2EF038000577D3 /* CopyFiles */,
			);
			buildRules = (
			);
			dependencies = (
			);
			name = DataStructure_prcts;
			productName = DataStructure_prcts;
			productReference = 680BEEE91B2EF038000577D3 /* DataStructure_prcts */;
			productType = "com.apple.product-type.tool";
		};
/* End PBXNativeTarget section */

/* Begin PBXProject section */
		680BEEE11B2EF038000577D3 /* Project object */ = {
			isa = PBXProject;
			attributes = {
				LastUpgradeCheck = 0610;
				ORGANIZATIONNAME = "Pablo coco";
				TargetAttributes = {
					680BEEE81B2EF038000577D3 = {
						CreatedOnToolsVersion = 6.1.1;
					};
				};
			};
			buildConfigurationList = 680BEEE41B2EF038000577D3 /* Build configuration list for PBXProject "DataStructure_prcts" */;
			compatibilityVersion = "Xcode 3.2";
			developmentRegion = English;
			hasScannedForEncodings = 0;
			knownRegions = (
				en,
			);
			mainGroup = 680BEEE01B2EF038000577D3;
			productRefGroup = 680BEEEA1B2EF038000577D3 /* Products */;
			projectDirPath = "";
			projectRoot = "";
			targets = (
				680BEEE81B2EF038000577D3 /* DataStructure_prcts */,
			);
		};
/* End PBXProject section */

/* Begin PBXSourcesBuildPhase section */
		680BEEE51B2EF038000577D3 /* Sources */ = {
			isa = PBXSourcesBuildPhase;
			buildActionMask = 2147483647;
			files = (
				68E67A001B3C483A00A7A36E /* BSearchRecur.cpp in Sources */,
				68E679FE1B3C444B00A7A36E /* FibonacciFunc.cpp in Sources */,
				68E67A021B3C4B8A00A7A36E /* BSearch.cpp in Sources */,
				68E679F41B3C3BF300A7A36E /* RecursiveFactorial.cpp in Sources */,
				68E67A051B3CE7DA00A7A36E /* LinearSearch.cpp in Sources */,
				680BEEED1B2EF038000577D3 /* main.cpp in Sources */,
				68E679FA1B3C3E0100A7A36E /* RecursiveFunc.cpp in Sources */,
			);
			runOnlyForDeploymentPostprocessing = 0;
		};
/* End PBXSourcesBuildPhase section */

/* Begin XCBuildConfiguration section */
		680BEEEE1B2EF038000577D3 /* Debug */ = {
			isa = XCBuildConfiguration;
			buildSettings = {
				ALWAYS_SEARCH_USER_PATHS = NO;
				CLANG_CXX_LANGUAGE_STANDARD = "gnu++0x";
				CLANG_CXX_LIBRARY = "libc++";
				CLANG_ENABLE_MODULES = YES;
				CLANG_ENABLE_OBJC_ARC = YES;
				CLANG_WARN_BOOL_CONVERSION = YES;
				CLANG_WARN_CONSTANT_CONVERSION = YES;
				CLANG_WARN_DIRECT_OBJC_ISA_USAGE = YES_ERROR;
				CLANG_WARN_EMPTY_BODY = YES;
				CLANG_WARN_ENUM_CONVERSION = YES;
				CLANG_WARN_INT_CONVERSION = YES;
				CLANG_WARN_OBJC_ROOT_CLASS = YES_ERROR;
				CLANG_WARN_UNREACHABLE_CODE = YES;
				CLANG_WARN__DUPLICATE_METHOD_MATCH = YES;
				COPY_PHASE_STRIP = NO;
				ENABLE_STRICT_OBJC_MSGSEND = YES;
				GCC_C_LANGUAGE_STANDARD = gnu99;
				GCC_DYNAMIC_NO_PIC = NO;
				GCC_OPTIMIZATION_LEVEL = 0;
				GCC_PREPROCESSOR_DEFINITIONS = (
					"DEBUG=1",
					"$(inherited)",
				);
				GCC_SYMBOLS_PRIVATE_EXTERN = NO;
				GCC_WARN_64_TO_32_BIT_CONVERSION = YES;
				GCC_WARN_ABOUT_RETURN_TYPE = YES_ERROR;
				GCC_WARN_UNDECLARED_SELECTOR = YES;
				GCC_WARN_UNINITIALIZED_AUTOS = YES_AGGRESSIVE;
				GCC_WARN_UNUSED_FUNCTION = YES;
				GCC_WARN_UNUSED_VARIABLE = YES;
				MACOSX_DEPLOYMENT_TARGET = 10.10;
				MTL_ENABLE_DEBUG_INFO = YES;
				ONLY_ACTIVE_ARCH = YES;
				SDKROOT = macosx;
			};
			name = Debug;
		};
		680BEEEF1B2EF038000577D3 /* Release */ = {
			isa = XCBuildConfiguration;
			buildSettings = {
				ALWAYS_SEARCH_USER_PATHS = NO;
				CLANG_CXX_LANGUAGE_STANDARD = "gnu++0x";
				CLANG_CXX_LIBRARY = "libc++";
				CLANG_ENABLE_MODULES = YES;
				CLANG_ENABLE_OBJC_ARC = YES;
				CLANG_WARN_BOOL_CONVERSION = YES;
				CLANG_WARN_CONSTANT_CONVERSION = YES;
				CLANG_WARN_DIRECT_OBJC_ISA_USAGE = YES_ERROR;
				CLANG_WARN_EMPTY_BODY = YES;
				CLANG_WARN_ENUM_CONVERSION = YES;
				CLANG_WARN_INT_CONVERSION = YES;
				CLANG_WARN_OBJC_ROOT_CLASS = YES_ERROR;
				CLANG_WARN_UNREACHABLE_CODE = YES;
				CLANG_WARN__DUPLICATE_METHOD_MATCH = YES;
				COPY_PHASE_STRIP = YES;
				DEBUG_INFORMATION_FORMAT = "dwarf-with-dsym";
				ENABLE_NS_ASSERTIONS = NO;
				ENABLE_STRICT_OBJC_MSGSEND = YES;
				GCC_C_LANGUAGE_STANDARD = gnu99;
				GCC_WARN_64_TO_32_BIT_CONVERSION = YES;
				GCC_WARN_ABOUT_RETURN_TYPE = YES_ERROR;
				GCC_WARN_UNDECLARED_SELECTOR = YES;
				GCC_WARN_UNINITIALIZED_AUTOS = YES_AGGRESSIVE;
				GCC_WARN_UNUSED_FUNCTION = YES;
				GCC_WARN_UNUSED_VARIABLE = YES;
				MACOSX_DEPLOYMENT_TARGET = 10.10;
				MTL_ENABLE_DEBUG_INFO = NO;
				SDKROOT = macosx;
			};
			name = Release;
		};
		680BEEF11B2EF038000577D3 /* Debug */ = {
			isa = XCBuildConfiguration;
			buildSettings = {
				PRODUCT_NAME = "$(TARGET_NAME)";
			};
			name = Debug;
		};
		680BEEF21B2EF038000577D3 /* Release */ = {
			isa = XCBuildConfiguration;
			buildSettings = {
				PRODUCT_NAME = "$(TARGET_NAME)";
			};
			name = Release;
		};
/* End XCBuildConfiguration section */

/* Begin XCConfigurationList section */
		680BEEE41B2EF038000577D3 /* Build configuration list for PBXProject "DataStructure_prcts" */ = {
			isa = XCConfigurationList;
			buildConfigurations = (
				680BEEEE1B2EF038000577D3 /* Debug */,
				680BEEEF1B2EF038000577D3 /* Release */,
			);
			defaultConfigurationIsVisible = 0;
			defaultConfigurationName = Release;
		};
		680BEEF01B2EF038000577D3 /* Build configuration list for PBXNativeTarget "DataStructure_prcts" */ = {
			isa = XCConfigurationList;
			buildConfigurations = (
				680BEEF11B2EF038000577D3 /* Debug */,
				680BEEF21B2EF038000577D3 /* Release */,
			);
			defaultConfigurationIsVisible = 0;
			defaultConfigurationName = Release;
		};
/* End XCConfigurationList section */
	};
	rootObject = 680BEEE11B2EF038000577D3 /* Project object */;
}
